lockfileVersion: 5.3

specifiers:
  '@types/node': ^16.11.9
  rollup: ^2.60.0
  rollup-plugin-terser: ^7.0.2
  rollup-plugin-typescript2: ^0.31.0
  typescript: ^4.5.2

devDependencies:
  '@types/node': 16.11.9
  rollup: 2.60.0
  rollup-plugin-terser: 7.0.2_rollup@2.60.0
  rollup-plugin-typescript2: 0.31.0_f22a533463af600a81b7f2ce73109e8f
  typescript: 4.5.2

packages:

  /@babel/code-frame/7.16.0:
    resolution: {integrity: sha512-IF4EOMEV+bfYwOmNxGzSnjR2EmQod7f1UXOpZM3l4i4o4QNwzjtJAu/HxdjHq0aYBvdqMuQEY1eg0nqW9ZPORA==}
    engines: {node: '>=6.9.0'}
    dependencies:
      '@babel/highlight': 7.16.0
    dev: true

  /@babel/helper-validator-identifier/7.15.7:
    resolution: {integrity: sha512-K4JvCtQqad9OY2+yTU8w+E82ywk/fe+ELNlt1G8z3bVGlZfn/hOcQQsUhGhW/N+tb3fxK800wLtKOE/aM0m72w==}
    engines: {node: '>=6.9.0'}
    dev: true

  /@babel/highlight/7.16.0:
    resolution: {integrity: sha512-t8MH41kUQylBtu2+4IQA3atqevA2lRgqA2wyVB/YiWmsDSuylZZuXOUy9ric30hfzauEFfdsuk/eXTRrGrfd0g==}
    engines: {node: '>=6.9.0'}
    dependencies:
      '@babel/helper-validator-identifier': 7.15.7
      chalk: 2.4.2
      js-tokens: 4.0.0
    dev: true

  /@rollup/pluginutils/4.1.1:
    resolution: {integrity: sha512-clDjivHqWGXi7u+0d2r2sBi4Ie6VLEAzWMIkvJLnDmxoOhBYOTfzGbOQBA32THHm11/LiJbd01tJUpJsbshSWQ==}
    engines: {node: '>= 8.0.0'}
    dependencies:
      estree-walker: 2.0.2
      picomatch: 2.3.0
    dev: true

  /@ts-type/package-dts/1.0.53_@types+node@16.11.9:
    resolution: {integrity: sha512-P8bMcjqaUsaBbXOCxBtzT4/pvhQSHTMc91WrpErVfB52zpNRVw2evOYWMe6q3c087+wpvITB7HtppYDnQe1RwA==}
    dependencies:
      '@types/semver': 7.3.9
      ts-type: 1.2.40_@types+node@16.11.9
    transitivePeerDependencies:
      - '@types/bluebird'
      - '@types/node'
      - ts-toolbelt
    dev: true

  /@types/node/16.11.9:
    resolution: {integrity: sha512-MKmdASMf3LtPzwLyRrFjtFFZ48cMf8jmX5VRYrDQiJa8Ybu5VAmkqBWqKU8fdCwD8ysw4mQ9nrEHvzg6gunR7A==}
    dev: true

  /@types/semver/7.3.9:
    resolution: {integrity: sha512-L/TMpyURfBkf+o/526Zb6kd/tchUP3iBDEPjqjb+U2MAJhVRxxrmr2fwpe08E7QsV7YLcpq0tUaQ9O9x97ZIxQ==}
    dev: true

  /@yarn-tool/resolve-package/1.0.37_@types+node@16.11.9:
    resolution: {integrity: sha512-TnjsNfRmKbg/nWxULBrEkSE6+hmKAURRObfC92n4zZPxrJaDsuTjFtblkTz2ck3VPCcv8UC/Fp6HOGDjm3YRpg==}
    dependencies:
      '@ts-type/package-dts': 1.0.53_@types+node@16.11.9
      pkg-dir: 5.0.0
      tslib: 2.3.1
      upath2: 3.1.10_@types+node@16.11.9
    transitivePeerDependencies:
      - '@types/bluebird'
      - '@types/node'
      - ts-toolbelt
    dev: true

  /ansi-styles/3.2.1:
    resolution: {integrity: sha512-VT0ZI6kZRdTh8YyJw3SMbYm/u+NqfsAxEpWO0Pf9sq8/e94WxxOpPKx9FR1FlyCtOVDNOQ+8ntlqFxiRc+r5qA==}
    engines: {node: '>=4'}
    dependencies:
      color-convert: 1.9.3
    dev: true

  /buffer-from/1.1.2:
    resolution: {integrity: sha512-E+XQCRwSbaaiChtv6k6Dwgc+bx+Bs6vuKJHHl5kox/BaKbhiXzqQOwK4cO22yElGp2OCmjwVhT3HmxgyPGnJfQ==}
    dev: true

  /chalk/2.4.2:
    resolution: {integrity: sha512-Mti+f9lpJNcwF4tWV8/OrTTtF1gZi+f8FqlyAdouralcFWFQWF2+NgCHShjkCb+IFBLq9buZwE1xckQU4peSuQ==}
    engines: {node: '>=4'}
    dependencies:
      ansi-styles: 3.2.1
      escape-string-regexp: 1.0.5
      supports-color: 5.5.0
    dev: true

  /color-convert/1.9.3:
    resolution: {integrity: sha512-QfAUtd+vFdAtFQcC8CCyYt1fYWxSqAiK2cSD6zDB8N3cpsEBAvRxp9zOGg6G/SHHJYAT88/az/IuDGALsNVbGg==}
    dependencies:
      color-name: 1.1.3
    dev: true

  /color-name/1.1.3:
    resolution: {integrity: sha1-p9BVi9icQveV3UIyj3QIMcpTvCU=}
    dev: true

  /commander/2.20.3:
    resolution: {integrity: sha512-GpVkmM8vF2vQUkj2LvZmD35JxeJOLCwJ9cUkugyk2nuhbv3+mJvpLYYt+0+USMxE+oj+ey/lJEnhZw75x/OMcQ==}
    dev: true

  /commondir/1.0.1:
    resolution: {integrity: sha1-3dgA2gxmEnOTzKWVDqloo6rxJTs=}
    dev: true

  /escape-string-regexp/1.0.5:
    resolution: {integrity: sha1-G2HAViGQqN/2rjuyzwIAyhMLhtQ=}
    engines: {node: '>=0.8.0'}
    dev: true

  /estree-walker/2.0.2:
    resolution: {integrity: sha512-Rfkk/Mp/DL7JVje3u18FxFujQlTNR2q6QfMSMB7AvCBx91NGj/ba3kCfza0f6dVDbw7YlRf/nDrn7pQrCCyQ/w==}
    dev: true

  /find-cache-dir/3.3.2:
    resolution: {integrity: sha512-wXZV5emFEjrridIgED11OoUKLxiYjAcqot/NJdAkOhlJ+vGzwhOAfcG5OX1jP+S0PcjEn8bdMJv+g2jwQ3Onig==}
    engines: {node: '>=8'}
    dependencies:
      commondir: 1.0.1
      make-dir: 3.1.0
      pkg-dir: 4.2.0
    dev: true

  /find-up/4.1.0:
    resolution: {integrity: sha512-PpOwAdQ/YlXQ2vj8a3h8IipDuYRi3wceVQQGYWxNINccq40Anw7BlsEXCMbt1Zt+OLA6Fq9suIpIWD0OsnISlw==}
    engines: {node: '>=8'}
    dependencies:
      locate-path: 5.0.0
      path-exists: 4.0.0
    dev: true

  /find-up/5.0.0:
    resolution: {integrity: sha512-78/PXT1wlLLDgTzDs7sjq9hzz0vXD+zn+7wypEe4fXQxCmdmqfGsEPQxmiCSQI3ajFV91bVSsvNtrJRiW6nGng==}
    engines: {node: '>=10'}
    dependencies:
      locate-path: 6.0.0
      path-exists: 4.0.0
    dev: true

  /fs-extra/8.1.0:
    resolution: {integrity: sha512-yhlQgA6mnOJUKOsRUFsgJdQCvkKhcz8tlZG5HBQfReYZy46OwLcY+Zia0mtdHsOo9y/hP+CxMN0TU9QxoOtG4g==}
    engines: {node: '>=6 <7 || >=8'}
    dependencies:
      graceful-fs: 4.2.8
      jsonfile: 4.0.0
      universalify: 0.1.2
    dev: true

  /fsevents/2.3.2:
    resolution: {integrity: sha512-xiqMQR4xAeHTuB9uWm+fFRcIOgKBMiOBP+eXiyT7jsgVCq1bkVygt00oASowB7EdtpOHaaPgKt812P9ab+DDKA==}
    engines: {node: ^8.16.0 || ^10.6.0 || >=11.0.0}
    os: [darwin]
    requiresBuild: true
    dev: true
    optional: true

  /function-bind/1.1.1:
    resolution: {integrity: sha512-yIovAzMX49sF8Yl58fSCWJ5svSLuaibPxXQJFLmBObTuCr0Mf1KiPopGM9NiFjiYBCbfaa2Fh6breQ6ANVTI0A==}
    dev: true

  /graceful-fs/4.2.8:
    resolution: {integrity: sha512-qkIilPUYcNhJpd33n0GBXTB1MMPp14TxEsEs0pTrsSVucApsYzW5V+Q8Qxhik6KU3evy+qkAAowTByymK0avdg==}
    dev: true

  /has-flag/3.0.0:
    resolution: {integrity: sha1-tdRU3CGZriJWmfNGfloH87lVuv0=}
    engines: {node: '>=4'}
    dev: true

  /has-flag/4.0.0:
    resolution: {integrity: sha512-EykJT/Q1KjTWctppgIAgfSO0tKVuZUjhgMr17kqTumMl6Afv3EISleU7qZUzoXDFTAHTDC4NOoG/ZxU3EvlMPQ==}
    engines: {node: '>=8'}
    dev: true

  /has/1.0.3:
    resolution: {integrity: sha512-f2dvO0VU6Oej7RkWJGrehjbzMAjFp5/VKPp5tTpWIV4JHHZK1/BxbFRtf/siA2SWTe09caDmVtYYzWEIbBS4zw==}
    engines: {node: '>= 0.4.0'}
    dependencies:
      function-bind: 1.1.1
    dev: true

  /is-core-module/2.8.0:
    resolution: {integrity: sha512-vd15qHsaqrRL7dtH6QNuy0ndJmRDrS9HAM1CAiSifNUFv4x1a0CCVsj18hJ1mShxIG6T2i1sO78MkP56r0nYRw==}
    dependencies:
      has: 1.0.3
    dev: true

  /jest-worker/26.6.2:
    resolution: {integrity: sha512-KWYVV1c4i+jbMpaBC+U++4Va0cp8OisU185o73T1vo99hqi7w8tSJfUXYswwqqrjzwxa6KpRK54WhPvwf5w6PQ==}
    engines: {node: '>= 10.13.0'}
    dependencies:
      '@types/node': 16.11.9
      merge-stream: 2.0.0
      supports-color: 7.2.0
    dev: true

  /js-tokens/4.0.0:
    resolution: {integrity: sha512-RdJUflcE3cUzKiMqQgsCu06FPu9UdIJO0beYbPhHN4k6apgJtifcoCtT9bcxOpYBtpD2kCM6Sbzg4CausW/PKQ==}
    dev: true

  /jsonfile/4.0.0:
    resolution: {integrity: sha1-h3Gq4HmbZAdrdmQPygWPnBDjPss=}
    optionalDependencies:
      graceful-fs: 4.2.8
    dev: true

  /locate-path/5.0.0:
    resolution: {integrity: sha512-t7hw9pI+WvuwNJXwk5zVHpyhIqzg2qTlklJOf0mVxGSbe3Fp2VieZcduNYjaLDoy6p9uGpQEGWG87WpMKlNq8g==}
    engines: {node: '>=8'}
    dependencies:
      p-locate: 4.1.0
    dev: true

  /locate-path/6.0.0:
    resolution: {integrity: sha512-iPZK6eYjbxRu3uB4/WZ3EsEIMJFMqAoopl3R+zuq0UjcAm/MO6KCweDgPfP3elTztoKP3KtnVHxTn2NHBSDVUw==}
    engines: {node: '>=10'}
    dependencies:
      p-locate: 5.0.0
    dev: true

  /lodash/4.17.21:
    resolution: {integrity: sha512-v2kDEe57lecTulaDIuNTPy3Ry4gLGJ6Z1O3vE1krgXZNrsQ+LFTGHVxVjcXPs17LhbZVGedAJv8XZ1tvj5FvSg==}
    dev: true

  /make-dir/3.1.0:
    resolution: {integrity: sha512-g3FeP20LNwhALb/6Cz6Dd4F2ngze0jz7tbzrD2wAV+o9FeNHe4rL+yK2md0J/fiSf1sa1ADhXqi5+oVwOM/eGw==}
    engines: {node: '>=8'}
    dependencies:
      semver: 6.3.0
    dev: true

  /merge-stream/2.0.0:
    resolution: {integrity: sha512-abv/qOcuPfk3URPfDzmZU1LKmuw8kT+0nIHvKrKgFrwifol/doWcdA4ZqsWQ8ENrFKkd67Mfpo/LovbIUsbt3w==}
    dev: true

  /p-limit/2.3.0:
    resolution: {integrity: sha512-//88mFWSJx8lxCzwdAABTJL2MyWB12+eIY7MDL2SqLmAkeKU9qxRvWuSyTjm3FUmpBEMuFfckAIqEaVGUDxb6w==}
    engines: {node: '>=6'}
    dependencies:
      p-try: 2.2.0
    dev: true

  /p-limit/3.1.0:
    resolution: {integrity: sha512-TYOanM3wGwNGsZN2cVTYPArw454xnXj5qmWF1bEoAc4+cU/ol7GVh7odevjp1FNHduHc3KZMcFduxU5Xc6uJRQ==}
    engines: {node: '>=10'}
    dependencies:
      yocto-queue: 0.1.0
    dev: true

  /p-locate/4.1.0:
    resolution: {integrity: sha512-R79ZZ/0wAxKGu3oYMlz8jy/kbhsNrS7SKZ7PxEHBgJ5+F2mtFW2fK2cOtBh1cHYkQsbzFV7I+EoRKe6Yt0oK7A==}
    engines: {node: '>=8'}
    dependencies:
      p-limit: 2.3.0
    dev: true

  /p-locate/5.0.0:
    resolution: {integrity: sha512-LaNjtRWUBY++zB5nE/NwcaoMylSPk+S+ZHNB1TzdbMJMny6dynpAGt7X/tl/QYq3TIeE6nxHppbo2LGymrG5Pw==}
    engines: {node: '>=10'}
    dependencies:
      p-limit: 3.1.0
    dev: true

  /p-try/2.2.0:
    resolution: {integrity: sha512-R4nPAVTAU0B9D35/Gk3uJf/7XYbQcyohSKdvAxIRSNghFl4e71hVoGnBNQz9cWaXxO2I10KTC+3jMdvvoKw6dQ==}
    engines: {node: '>=6'}
    dev: true

  /path-exists/4.0.0:
    resolution: {integrity: sha512-ak9Qy5Q7jYb2Wwcey5Fpvg2KoAc/ZIhLSLOSBmRmygPsGwkVVt0fZa0qrtMz+m6tJTAHfZQ8FnmB4MG4LWy7/w==}
    engines: {node: '>=8'}
    dev: true

  /path-is-network-drive/1.0.10:
    resolution: {integrity: sha512-D6kJYPUSKGZBpTM2nv10sOWNdC056p4JDx0y7ARe6gop0aXXm5G86Gn/SyKvaf0Ce8c9Guctf+J+qoFmzuhDQg==}
    dependencies:
      tslib: 2.3.1
    dev: true

  /path-parse/1.0.7:
    resolution: {integrity: sha512-LDJzPVEEEPR+y48z93A0Ed0yXb8pAByGWo/k5YYdYgpY2/2EsOsksJrq7lOHxryrVOn1ejG6oAp8ahvOIQD8sw==}
    dev: true

  /path-strip-sep/1.0.7:
    resolution: {integrity: sha512-9xDVZPblHde4lTuTDnwqBKr9LTbPZW+Iae63ho500+BpEiZe3X6wvLInHgbB6FSMtwCTvztljw3k2zcNDNESzg==}
    dependencies:
      tslib: 2.3.1
    dev: true

  /picomatch/2.3.0:
    resolution: {integrity: sha512-lY1Q/PiJGC2zOv/z391WOTD+Z02bCgsFfvxoXXf6h7kv9o+WmsmzYqrAwY63sNgOxE4xEdq0WyUnXfKeBrSvYw==}
    engines: {node: '>=8.6'}
    dev: true

  /pkg-dir/4.2.0:
    resolution: {integrity: sha512-HRDzbaKjC+AOWVXxAU/x54COGeIv9eb+6CkDSQoNTt4XyWoIJvuPsXizxu/Fr23EiekbtZwmh1IcIG/l/a10GQ==}
    engines: {node: '>=8'}
    dependencies:
      find-up: 4.1.0
    dev: true

  /pkg-dir/5.0.0:
    resolution: {integrity: sha512-NPE8TDbzl/3YQYY7CSS228s3g2ollTFnc+Qi3tqmqJp9Vg2ovUpixcJEo2HJScN2Ez+kEaal6y70c0ehqJBJeA==}
    engines: {node: '>=10'}
    dependencies:
      find-up: 5.0.0
    dev: true

  /randombytes/2.1.0:
    resolution: {integrity: sha512-vYl3iOX+4CKUWuxGi9Ukhie6fsqXqS9FE2Zaic4tNFD2N2QQaXOMFbuKK4QmDHC0JO6B1Zp41J0LpT0oR68amQ==}
    dependencies:
      safe-buffer: 5.2.1
    dev: true

  /resolve/1.20.0:
    resolution: {integrity: sha512-wENBPt4ySzg4ybFQW2TT1zMQucPK95HSh/nq2CFTZVOGut2+pQvSsgtda4d26YrYcr067wjbmzOG8byDPBX63A==}
    dependencies:
      is-core-module: 2.8.0
      path-parse: 1.0.7
    dev: true

  /rollup-plugin-terser/7.0.2_rollup@2.60.0:
    resolution: {integrity: sha512-w3iIaU4OxcF52UUXiZNsNeuXIMDvFrr+ZXK6bFZ0Q60qyVfq4uLptoS4bbq3paG3x216eQllFZX7zt6TIImguQ==}
    peerDependencies:
      rollup: ^2.0.0
    dependencies:
      '@babel/code-frame': 7.16.0
      jest-worker: 26.6.2
      rollup: 2.60.0
      serialize-javascript: 4.0.0
      terser: 5.10.0
    transitivePeerDependencies:
      - acorn
    dev: true

  /rollup-plugin-typescript2/0.31.0_f22a533463af600a81b7f2ce73109e8f:
    resolution: {integrity: sha512-lA0KSTaaekrxcyd3MlUzD1QWt6IJEUBMV1KAKMiAm9UrWrmh4xAnANaOWGISEB6lNyVsPhkITmRCbZYVxpp1KA==}
    peerDependencies:
      rollup: '>=1.26.3'
      typescript: '>=2.4.0'
    dependencies:
      '@rollup/pluginutils': 4.1.1
      '@yarn-tool/resolve-package': 1.0.37_@types+node@16.11.9
      find-cache-dir: 3.3.2
      fs-extra: 8.1.0
      resolve: 1.20.0
      rollup: 2.60.0
      tslib: 2.2.0
      typescript: 4.5.2
    transitivePeerDependencies:
      - '@types/bluebird'
      - '@types/node'
      - ts-toolbelt
    dev: true

  /rollup/2.60.0:
    resolution: {integrity: sha512-cHdv9GWd58v58rdseC8e8XIaPUo8a9cgZpnCMMDGZFDZKEODOiPPEQFXLriWr/TjXzhPPmG5bkAztPsOARIcGQ==}
    engines: {node: '>=10.0.0'}
    hasBin: true
    optionalDependencies:
      fsevents: 2.3.2
    dev: true

  /safe-buffer/5.2.1:
    resolution: {integrity: sha512-rp3So07KcdmmKbGvgaNxQSJr7bGVSVk5S9Eq1F+ppbRo70+YeaDxkw5Dd8NPN+GD6bjnYm2VuPuCXmpuYvmCXQ==}
    dev: true

  /semver/6.3.0:
    resolution: {integrity: sha512-b39TBaTSfV6yBrapU89p5fKekE2m/NwnDocOVruQFS1/veMgdzuPcnOM34M6CwxW8jH/lxEa5rBoDeUwu5HHTw==}
    hasBin: true
    dev: true

  /serialize-javascript/4.0.0:
    resolution: {integrity: sha512-GaNA54380uFefWghODBWEGisLZFj00nS5ACs6yHa9nLqlLpVLO8ChDGeKRjZnV4Nh4n0Qi7nhYZD/9fCPzEqkw==}
    dependencies:
      randombytes: 2.1.0
    dev: true

  /source-map-support/0.5.21:
    resolution: {integrity: sha512-uBHU3L3czsIyYXKX88fdrGovxdSCoTGDRZ6SYXtSRxLZUzHg5P/66Ht6uoUlHu9EZod+inXhKo3qQgwXUT/y1w==}
    dependencies:
      buffer-from: 1.1.2
      source-map: 0.6.1
    dev: true

  /source-map/0.6.1:
    resolution: {integrity: sha512-UjgapumWlbMhkBgzT7Ykc5YXUT46F0iKu8SGXq0bcwP5dz/h0Plj6enJqjz1Zbq2l5WaqYnrVbwWOWMyF3F47g==}
    engines: {node: '>=0.10.0'}
    dev: true

  /source-map/0.7.3:
    resolution: {integrity: sha512-CkCj6giN3S+n9qrYiBTX5gystlENnRW5jZeNLHpe6aue+SrHcG5VYwujhW9s4dY31mEGsxBDrHR6oI69fTXsaQ==}
    engines: {node: '>= 8'}
    dev: true

  /supports-color/5.5.0:
    resolution: {integrity: sha512-QjVjwdXIt408MIiAqCX4oUKsgU2EqAGzs2Ppkm4aQYbjm+ZEWEcW4SfFNTr4uMNZma0ey4f5lgLrkB0aX0QMow==}
    engines: {node: '>=4'}
    dependencies:
      has-flag: 3.0.0
    dev: true

  /supports-color/7.2.0:
    resolution: {integrity: sha512-qpCAvRl9stuOHveKsn7HncJRvv501qIacKzQlO/+Lwxc9+0q2wLyv4Dfvt80/DPn2pqOBsJdDiogXGR9+OvwRw==}
    engines: {node: '>=8'}
    dependencies:
      has-flag: 4.0.0
    dev: true

  /terser/5.10.0:
    resolution: {integrity: sha512-AMmF99DMfEDiRJfxfY5jj5wNH/bYO09cniSqhfoyxc8sFoYIgkJy86G04UoZU5VjlpnplVu0K6Tx6E9b5+DlHA==}
    engines: {node: '>=10'}
    hasBin: true
    peerDependencies:
      acorn: ^8.5.0
    peerDependenciesMeta:
      acorn:
        optional: true
    dependencies:
      commander: 2.20.3
      source-map: 0.7.3
      source-map-support: 0.5.21
    dev: true

  /ts-type/1.2.40_@types+node@16.11.9:
    resolution: {integrity: sha512-Ux5e7Frys5pX7w8gYchEd0KfhG1H5puXOQC8yOBgMJ1aEwDSypeHLwxIUpKjecni1IGwtLI3JrxCVZaQO9JKmw==}
    peerDependencies:
      '@types/bluebird': '*'
      '@types/node': '*'
      ts-toolbelt: ^8.0.7
    dependencies:
      '@types/node': 16.11.9
      tslib: 2.3.1
      typedarray-dts: 1.0.0
    dev: true

  /tslib/2.2.0:
    resolution: {integrity: sha512-gS9GVHRU+RGn5KQM2rllAlR3dU6m7AcpJKdtH8gFvQiC4Otgk98XnmMU+nZenHt/+VhnBPWwgrJsyrdcw6i23w==}
    dev: true

  /tslib/2.3.1:
    resolution: {integrity: sha512-77EbyPPpMz+FRFRuAFlWMtmgUWGe9UOG2Z25NqCwiIjRhOf5iKGuzSe5P2w1laq+FkRy4p+PCuVkJSGkzTEKVw==}
    dev: true

  /typedarray-dts/1.0.0:
    resolution: {integrity: sha512-Ka0DBegjuV9IPYFT1h0Qqk5U4pccebNIJCGl8C5uU7xtOs+jpJvKGAY4fHGK25hTmXZOEUl9Cnsg5cS6K/b5DA==}
    dev: true

  /typescript/4.5.2:
    resolution: {integrity: sha512-5BlMof9H1yGt0P8/WF+wPNw6GfctgGjXp5hkblpyT+8rkASSmkUKMXrxR0Xg8ThVCi/JnHQiKXeBaEwCeQwMFw==}
    engines: {node: '>=4.2.0'}
    hasBin: true
    dev: true

  /universalify/0.1.2:
    resolution: {integrity: sha512-rBJeI5CXAlmy1pV+617WB9J63U6XcazHHF2f2dbJix4XzpUF0RS3Zbj0FGIOCAva5P/d/GBOYaACQ1w+0azUkg==}
    engines: {node: '>= 4.0.0'}
    dev: true

  /upath2/3.1.10_@types+node@16.11.9:
    resolution: {integrity: sha512-7ph3GzTaVbQX+oIoMsGtM+9BAWQr+6Mn28TJKPu28+yGpZ+J4am590CPDBlDG0zyuo9T9T7o21ciqNzwIp/q0A==}
    peerDependencies:
      '@types/node': '*'
    dependencies:
      '@types/node': 16.11.9
      lodash: 4.17.21
      path-is-network-drive: 1.0.10
      path-strip-sep: 1.0.7
      tslib: 2.3.1
    dev: true

  /yocto-queue/0.1.0:
    resolution: {integrity: sha512-rVksvsnNCdJ/ohGc6xgPwyN8eheCxsiLM8mxuE/t/mOVqJewPuO1miLpTHQiRgTKCLexL4MeAFVagts7HmNZ2Q==}
    engines: {node: '>=10'}
    dev: true
